{
  "version": 4,
  "terraform_version": "1.3.9",
  "serial": 240,
  "lineage": "92df5eed-3dec-a08d-d794-7c8cad101eca",
  "outputs": {},
  "resources": [
    {
      "mode": "managed",
      "type": "aws_kinesis_stream",
      "name": "kinesis_stream",
      "provider": "provider[\"registry.terraform.io/hashicorp/aws\"]",
      "instances": [
        {
          "schema_version": 1,
          "attributes": {
            "arn": "arn:aws:kinesis:ap-northeast-2:344513066772:stream/kinesis_data_stream",
            "encryption_type": "NONE",
            "enforce_consumer_deletion": false,
            "id": "arn:aws:kinesis:ap-northeast-2:344513066772:stream/kinesis_data_stream",
            "kms_key_id": "",
            "name": "kinesis_data_stream",
            "retention_period": 24,
            "shard_count": 1,
            "shard_level_metrics": null,
            "stream_mode_details": [
              {
                "stream_mode": "PROVISIONED"
              }
            ],
            "tags": {
              "Environment": "dev"
            },
            "tags_all": {
              "Environment": "dev"
            },
            "timeouts": null
          },
          "sensitive_attributes": [],
          "private": "eyJlMmJmYjczMC1lY2FhLTExZTYtOGY4OC0zNDM2M2JjN2M0YzAiOnsiY3JlYXRlIjozMDAwMDAwMDAwMDAsImRlbGV0ZSI6NzIwMDAwMDAwMDAwMCwidXBkYXRlIjo3MjAwMDAwMDAwMDAwfSwic2NoZW1hX3ZlcnNpb24iOiIxIn0="
        }
      ]
    },
    {
      "mode": "managed",
      "type": "aws_lambda_event_source_mapping",
      "name": "kinesis_mapping",
      "provider": "provider[\"registry.terraform.io/hashicorp/aws\"]",
      "instances": [
        {
          "schema_version": 0,
          "attributes": {
            "amazon_managed_kafka_event_source_config": [],
            "batch_size": 10,
            "bisect_batch_on_function_error": false,
            "destination_config": [
              {
                "on_failure": [
                  {
                    "destination_arn": null
                  }
                ]
              }
            ],
            "enabled": true,
            "event_source_arn": "arn:aws:kinesis:ap-northeast-2:344513066772:stream/kinesis_data_stream",
            "filter_criteria": [],
            "function_arn": "arn:aws:lambda:ap-northeast-2:344513066772:function:stream",
            "function_name": "arn:aws:lambda:ap-northeast-2:344513066772:function:stream",
            "function_response_types": null,
            "id": "b086d343-4c84-4ae0-bc3c-63e5ecd6f010",
            "last_modified": "2023-04-16T15:25:00Z",
            "last_processing_result": "No records processed",
            "maximum_batching_window_in_seconds": 0,
            "maximum_record_age_in_seconds": -1,
            "maximum_retry_attempts": -1,
            "parallelization_factor": 1,
            "queues": null,
            "scaling_config": [],
            "self_managed_event_source": [],
            "self_managed_kafka_event_source_config": [],
            "source_access_configuration": [],
            "starting_position": "LATEST",
            "starting_position_timestamp": "",
            "state": "Enabled",
            "state_transition_reason": "User action",
            "topics": null,
            "tumbling_window_in_seconds": 0,
            "uuid": "b086d343-4c84-4ae0-bc3c-63e5ecd6f010"
          },
          "sensitive_attributes": [],
          "private": "bnVsbA==",
          "dependencies": [
            "aws_kinesis_stream.kinesis_stream",
            "aws_lambda_function.stream_lambda_tf",
            "aws_lambda_layer_version.stream_labmda_layer",
            "module.iam_lambda.aws_iam_role.iam_lambda"
          ]
        }
      ]
    },
    {
      "mode": "managed",
      "type": "aws_lambda_function",
      "name": "stream_lambda_tf",
      "provider": "provider[\"registry.terraform.io/hashicorp/aws\"]",
      "instances": [
        {
          "schema_version": 0,
          "attributes": {
            "architectures": [
              "x86_64"
            ],
            "arn": "arn:aws:lambda:ap-northeast-2:344513066772:function:stream",
            "code_signing_config_arn": "",
            "dead_letter_config": [],
            "description": "kinesis data stream to database",
            "environment": [],
            "ephemeral_storage": [
              {
                "size": 512
              }
            ],
            "file_system_config": [],
            "filename": "../../../lambda.zip",
            "function_name": "stream",
            "handler": "lib/stream.handler",
            "id": "stream",
            "image_config": [],
            "image_uri": "",
            "invoke_arn": "arn:aws:apigateway:ap-northeast-2:lambda:path/2015-03-31/functions/arn:aws:lambda:ap-northeast-2:344513066772:function:stream/invocations",
            "kms_key_arn": "",
            "last_modified": "2023-04-16T15:25:02.987+0000",
            "layers": [
              "arn:aws:lambda:ap-northeast-2:344513066772:layer:stream_Layer:13"
            ],
            "memory_size": 128,
            "package_type": "Zip",
            "publish": false,
            "qualified_arn": "arn:aws:lambda:ap-northeast-2:344513066772:function:stream:$LATEST",
            "qualified_invoke_arn": "arn:aws:apigateway:ap-northeast-2:lambda:path/2015-03-31/functions/arn:aws:lambda:ap-northeast-2:344513066772:function:stream:$LATEST/invocations",
            "replace_security_groups_on_destroy": null,
            "replacement_security_group_ids": null,
            "reserved_concurrent_executions": -1,
            "role": "arn:aws:iam::344513066772:role/stream-ap-northeast-2",
            "runtime": "nodejs14.x",
            "s3_bucket": null,
            "s3_key": null,
            "s3_object_version": null,
            "signing_job_arn": "",
            "signing_profile_version_arn": "",
            "skip_destroy": false,
            "snap_start": [],
            "source_code_hash": "8zknIBt7YhYzVXO0D9JXmX4olwso/1uX5XT6FWtrUR0=",
            "source_code_size": 61269,
            "tags": null,
            "tags_all": {},
            "timeout": 60,
            "timeouts": null,
            "tracing_config": [
              {
                "mode": "PassThrough"
              }
            ],
            "version": "$LATEST",
            "vpc_config": []
          },
          "sensitive_attributes": [],
          "private": "eyJlMmJmYjczMC1lY2FhLTExZTYtOGY4OC0zNDM2M2JjN2M0YzAiOnsiY3JlYXRlIjo2MDAwMDAwMDAwMDAsImRlbGV0ZSI6NjAwMDAwMDAwMDAwLCJ1cGRhdGUiOjYwMDAwMDAwMDAwMH19",
          "dependencies": [
            "aws_lambda_layer_version.stream_labmda_layer",
            "module.iam_lambda.aws_iam_role.iam_lambda"
          ]
        }
      ]
    },
    {
      "mode": "managed",
      "type": "aws_lambda_layer_version",
      "name": "stream_labmda_layer",
      "provider": "provider[\"registry.terraform.io/hashicorp/aws\"]",
      "instances": [
        {
          "schema_version": 0,
          "attributes": {
            "arn": "arn:aws:lambda:ap-northeast-2:344513066772:layer:stream_Layer:13",
            "compatible_architectures": null,
            "compatible_runtimes": [
              "nodejs14.x"
            ],
            "created_date": "2023-04-16T15:25:02.703+0000",
            "description": "",
            "filename": "../../../layer.zip",
            "id": "arn:aws:lambda:ap-northeast-2:344513066772:layer:stream_Layer:13",
            "layer_arn": "arn:aws:lambda:ap-northeast-2:344513066772:layer:stream_Layer",
            "layer_name": "stream_Layer",
            "license_info": "",
            "s3_bucket": null,
            "s3_key": null,
            "s3_object_version": null,
            "signing_job_arn": "",
            "signing_profile_version_arn": "",
            "skip_destroy": false,
            "source_code_hash": "OYwGkxxMQ1BlTYLjtlMg0yY7TTI0Z2QjkiVqVQaMqMI=",
            "source_code_size": 30238262,
            "version": "13"
          },
          "sensitive_attributes": [],
          "private": "bnVsbA=="
        }
      ]
    },
    {
      "mode": "managed",
      "type": "aws_lambda_layer_version_permission",
      "name": "my_layer_permission",
      "provider": "provider[\"registry.terraform.io/hashicorp/aws\"]",
      "instances": [
        {
          "schema_version": 0,
          "attributes": {
            "action": "lambda:GetLayerVersion",
            "id": "stream_Layer,13",
            "layer_name": "stream_Layer",
            "organization_id": null,
            "policy": "{\"Version\":\"2012-10-17\",\"Id\":\"default\",\"Statement\":[{\"Sid\":\"AllowLambdaToUseMyLayer\",\"Effect\":\"Allow\",\"Principal\":\"*\",\"Action\":\"lambda:GetLayerVersion\",\"Resource\":\"arn:aws:lambda:ap-northeast-2:344513066772:layer:stream_Layer:13\"}]}",
            "principal": "*",
            "revision_id": "489de681-2932-46ef-b597-4276e2b42be4",
            "statement_id": "AllowLambdaToUseMyLayer",
            "version_number": 13
          },
          "sensitive_attributes": [],
          "private": "bnVsbA==",
          "dependencies": [
            "aws_lambda_layer_version.stream_labmda_layer"
          ]
        }
      ]
    },
    {
      "module": "module.iam_kinesis",
      "mode": "managed",
      "type": "aws_iam_policy",
      "name": "kinesis_policy",
      "provider": "provider[\"registry.terraform.io/hashicorp/aws\"]",
      "instances": [
        {
          "schema_version": 0,
          "attributes": {
            "arn": "arn:aws:iam::344513066772:policy/lambda_kinesis_policy",
            "description": "",
            "id": "arn:aws:iam::344513066772:policy/lambda_kinesis_policy",
            "name": "lambda_kinesis_policy",
            "name_prefix": "",
            "path": "/",
            "policy": "{\"Statement\":[{\"Action\":[\"kinesis:GetShardIterator\",\"kinesis:GetRecords\",\"kinesis:DescribeStream\"],\"Effect\":\"Allow\",\"Resource\":\"arn:aws:kinesis:ap-northeast-2:344513066772:stream/kinesis_data_stream\"}],\"Version\":\"2012-10-17\"}",
            "policy_id": "ANPAVANUUG4KOIE4WILMG",
            "tags": null,
            "tags_all": {}
          },
          "sensitive_attributes": [],
          "private": "bnVsbA==",
          "dependencies": [
            "aws_kinesis_stream.kinesis_stream"
          ]
        }
      ]
    },
    {
      "module": "module.iam_kinesis",
      "mode": "managed",
      "type": "aws_iam_role_policy_attachment",
      "name": "lambda_kinesis_attachment",
      "provider": "provider[\"registry.terraform.io/hashicorp/aws\"]",
      "instances": [
        {
          "schema_version": 0,
          "attributes": {
            "id": "stream-ap-northeast-2-20230416152510718300000002",
            "policy_arn": "arn:aws:iam::344513066772:policy/lambda_kinesis_policy",
            "role": "stream-ap-northeast-2"
          },
          "sensitive_attributes": [],
          "private": "bnVsbA==",
          "dependencies": [
            "aws_kinesis_stream.kinesis_stream",
            "module.iam_kinesis.aws_iam_policy.kinesis_policy",
            "module.iam_lambda.aws_iam_role.iam_lambda"
          ]
        }
      ]
    },
    {
      "module": "module.iam_lambda",
      "mode": "managed",
      "type": "aws_iam_role",
      "name": "iam_lambda",
      "provider": "provider[\"registry.terraform.io/hashicorp/aws\"]",
      "instances": [
        {
          "schema_version": 0,
          "attributes": {
            "arn": "arn:aws:iam::344513066772:role/stream-ap-northeast-2",
            "assume_role_policy": "{\"Statement\":[{\"Action\":\"sts:AssumeRole\",\"Effect\":\"Allow\",\"Principal\":{\"Service\":\"lambda.amazonaws.com\"},\"Sid\":\"\"}],\"Version\":\"2012-10-17\"}",
            "create_date": "2023-04-16T15:24:49Z",
            "description": "",
            "force_detach_policies": false,
            "id": "stream-ap-northeast-2",
            "inline_policy": [],
            "managed_policy_arns": [],
            "max_session_duration": 3600,
            "name": "stream-ap-northeast-2",
            "name_prefix": "",
            "path": "/",
            "permissions_boundary": null,
            "tags": null,
            "tags_all": {},
            "unique_id": "AROAVANUUG4KIZSPH7QXY"
          },
          "sensitive_attributes": [],
          "private": "bnVsbA=="
        }
      ]
    },
    {
      "module": "module.iam_lambda",
      "mode": "managed",
      "type": "aws_iam_role_policy_attachment",
      "name": "cloudwatch_logs",
      "provider": "provider[\"registry.terraform.io/hashicorp/aws\"]",
      "instances": [
        {
          "schema_version": 0,
          "attributes": {
            "id": "stream-ap-northeast-2-20230416152452046100000001",
            "policy_arn": "arn:aws:iam::aws:policy/service-role/AWSLambdaBasicExecutionRole",
            "role": "stream-ap-northeast-2"
          },
          "sensitive_attributes": [],
          "private": "bnVsbA==",
          "dependencies": [
            "module.iam_lambda.aws_iam_role.iam_lambda"
          ]
        }
      ]
    }
  ],
  "check_results": null
}
