{
  "version": 4,
  "terraform_version": "1.3.9",
  "serial": 132,
  "lineage": "92df5eed-3dec-a08d-d794-7c8cad101eca",
  "outputs": {},
  "resources": [
    {
      "mode": "managed",
      "type": "aws_kinesis_stream",
      "name": "kinesis_stream",
      "provider": "provider[\"registry.terraform.io/hashicorp/aws\"]",
      "instances": [
        {
          "schema_version": 1,
          "attributes": {
            "arn": "arn:aws:kinesis:ap-northeast-2:344513066772:stream/kinesis_data_stream",
            "encryption_type": "NONE",
            "enforce_consumer_deletion": false,
            "id": "arn:aws:kinesis:ap-northeast-2:344513066772:stream/kinesis_data_stream",
            "kms_key_id": "",
            "name": "kinesis_data_stream",
            "retention_period": 24,
            "shard_count": 1,
            "shard_level_metrics": null,
            "stream_mode_details": [
              {
                "stream_mode": "PROVISIONED"
              }
            ],
            "tags": {
              "Environment": "dev"
            },
            "tags_all": {
              "Environment": "dev"
            },
            "timeouts": null
          },
          "sensitive_attributes": [],
          "private": "eyJlMmJmYjczMC1lY2FhLTExZTYtOGY4OC0zNDM2M2JjN2M0YzAiOnsiY3JlYXRlIjozMDAwMDAwMDAwMDAsImRlbGV0ZSI6NzIwMDAwMDAwMDAwMCwidXBkYXRlIjo3MjAwMDAwMDAwMDAwfSwic2NoZW1hX3ZlcnNpb24iOiIxIn0="
        }
      ]
    },
    {
      "module": "module.iam_kinesis",
      "mode": "managed",
      "type": "aws_iam_user",
      "name": "kinesis_user",
      "provider": "provider[\"registry.terraform.io/hashicorp/aws\"]",
      "instances": [
        {
          "schema_version": 0,
          "attributes": {
            "arn": "arn:aws:iam::344513066772:user/kinesis_user",
            "force_destroy": false,
            "id": "kinesis_user",
            "name": "kinesis_user",
            "path": "/",
            "permissions_boundary": null,
            "tags": null,
            "tags_all": {},
            "unique_id": "AIDAVANUUG4KAHW2V4QEK"
          },
          "sensitive_attributes": [],
          "private": "bnVsbA=="
        }
      ]
    },
    {
      "module": "module.iam_kinesis",
      "mode": "managed",
      "type": "aws_iam_user_policy_attachment",
      "name": "kinesis_iam_attachment",
      "provider": "provider[\"registry.terraform.io/hashicorp/aws\"]",
      "instances": [
        {
          "schema_version": 0,
          "attributes": {
            "id": "kinesis_user-20230416143202275100000001",
            "policy_arn": "arn:aws:iam::aws:policy/AmazonKinesisFullAccess",
            "user": "kinesis_user"
          },
          "sensitive_attributes": [],
          "private": "bnVsbA==",
          "dependencies": [
            "module.iam_kinesis.aws_iam_user.kinesis_user"
          ]
        }
      ]
    }
  ],
  "check_results": null
}
