{
  "version": 4,
  "terraform_version": "1.3.9",
  "serial": 10,
  "lineage": "96d5fcad-670f-1250-8d68-9da1b71556d1",
  "outputs": {
    "lambda_func": {
      "value": "stream",
      "type": "string"
    },
    "lambda_func_desc": {
      "value": "",
      "type": "string"
    },
    "lambda_function_details": {
      "value": {
        "architectures": [
          "x86_64"
        ],
        "arn": "arn:aws:lambda:ap-northeast-2:344513066772:function:stream",
        "code_signing_config_arn": "",
        "dead_letter_config": [],
        "description": "",
        "environment": [],
        "ephemeral_storage": [
          {
            "size": 512
          }
        ],
        "file_system_config": [],
        "filename": "../../../lambda.zip",
        "function_name": "stream",
        "handler": "lib/stream.handler",
        "id": "stream",
        "image_config": [],
        "image_uri": "",
        "invoke_arn": "arn:aws:apigateway:ap-northeast-2:lambda:path/2015-03-31/functions/arn:aws:lambda:ap-northeast-2:344513066772:function:stream/invocations",
        "kms_key_arn": "",
        "last_modified": "2023-04-16T08:15:21.010+0000",
        "layers": [
          "arn:aws:lambda:ap-northeast-2:344513066772:layer:stream_Layer:1"
        ],
        "memory_size": 128,
        "package_type": "Zip",
        "publish": false,
        "qualified_arn": "arn:aws:lambda:ap-northeast-2:344513066772:function:stream:$LATEST",
        "qualified_invoke_arn": "arn:aws:apigateway:ap-northeast-2:lambda:path/2015-03-31/functions/arn:aws:lambda:ap-northeast-2:344513066772:function:stream:$LATEST/invocations",
        "replace_security_groups_on_destroy": null,
        "replacement_security_group_ids": null,
        "reserved_concurrent_executions": -1,
        "role": "arn:aws:iam::344513066772:role/stream-ap-northeast-2",
        "runtime": "nodejs14.x",
        "s3_bucket": null,
        "s3_key": null,
        "s3_object_version": null,
        "signing_job_arn": "",
        "signing_profile_version_arn": "",
        "skip_destroy": false,
        "snap_start": [],
        "source_code_hash": "EiuaLaaLhNNVV/L/NGM8oVfXav2xMCYxAyHgP6hqjJg=",
        "source_code_size": 61266,
        "tags": null,
        "tags_all": {},
        "timeout": 60,
        "timeouts": null,
        "tracing_config": [
          {
            "mode": "PassThrough"
          }
        ],
        "version": "$LATEST",
        "vpc_config": []
      },
      "type": [
        "object",
        {
          "architectures": [
            "list",
            "string"
          ],
          "arn": "string",
          "code_signing_config_arn": "string",
          "dead_letter_config": [
            "list",
            [
              "object",
              {
                "target_arn": "string"
              }
            ]
          ],
          "description": "string",
          "environment": [
            "list",
            [
              "object",
              {
                "variables": [
                  "map",
                  "string"
                ]
              }
            ]
          ],
          "ephemeral_storage": [
            "list",
            [
              "object",
              {
                "size": "number"
              }
            ]
          ],
          "file_system_config": [
            "list",
            [
              "object",
              {
                "arn": "string",
                "local_mount_path": "string"
              }
            ]
          ],
          "filename": "string",
          "function_name": "string",
          "handler": "string",
          "id": "string",
          "image_config": [
            "list",
            [
              "object",
              {
                "command": [
                  "list",
                  "string"
                ],
                "entry_point": [
                  "list",
                  "string"
                ],
                "working_directory": "string"
              }
            ]
          ],
          "image_uri": "string",
          "invoke_arn": "string",
          "kms_key_arn": "string",
          "last_modified": "string",
          "layers": [
            "list",
            "string"
          ],
          "memory_size": "number",
          "package_type": "string",
          "publish": "bool",
          "qualified_arn": "string",
          "qualified_invoke_arn": "string",
          "replace_security_groups_on_destroy": "bool",
          "replacement_security_group_ids": [
            "set",
            "string"
          ],
          "reserved_concurrent_executions": "number",
          "role": "string",
          "runtime": "string",
          "s3_bucket": "string",
          "s3_key": "string",
          "s3_object_version": "string",
          "signing_job_arn": "string",
          "signing_profile_version_arn": "string",
          "skip_destroy": "bool",
          "snap_start": [
            "list",
            [
              "object",
              {
                "apply_on": "string",
                "optimization_status": "string"
              }
            ]
          ],
          "source_code_hash": "string",
          "source_code_size": "number",
          "tags": [
            "map",
            "string"
          ],
          "tags_all": [
            "map",
            "string"
          ],
          "timeout": "number",
          "timeouts": [
            "object",
            {
              "create": "string",
              "delete": "string",
              "update": "string"
            }
          ],
          "tracing_config": [
            "list",
            [
              "object",
              {
                "mode": "string"
              }
            ]
          ],
          "version": "string",
          "vpc_config": [
            "list",
            [
              "object",
              {
                "security_group_ids": [
                  "set",
                  "string"
                ],
                "subnet_ids": [
                  "set",
                  "string"
                ],
                "vpc_id": "string"
              }
            ]
          ]
        }
      ]
    }
  },
  "resources": [
    {
      "mode": "managed",
      "type": "aws_lambda_function",
      "name": "lambda_tf",
      "provider": "provider[\"registry.terraform.io/hashicorp/aws\"]",
      "instances": [
        {
          "schema_version": 0,
          "attributes": {
            "architectures": [
              "x86_64"
            ],
            "arn": "arn:aws:lambda:ap-northeast-2:344513066772:function:stream",
            "code_signing_config_arn": "",
            "dead_letter_config": [],
            "description": "",
            "environment": [],
            "ephemeral_storage": [
              {
                "size": 512
              }
            ],
            "file_system_config": [],
            "filename": "../../../lambda.zip",
            "function_name": "stream",
            "handler": "lib/stream.handler",
            "id": "stream",
            "image_config": [],
            "image_uri": "",
            "invoke_arn": "arn:aws:apigateway:ap-northeast-2:lambda:path/2015-03-31/functions/arn:aws:lambda:ap-northeast-2:344513066772:function:stream/invocations",
            "kms_key_arn": "",
            "last_modified": "2023-04-16T08:15:21.010+0000",
            "layers": [
              "arn:aws:lambda:ap-northeast-2:344513066772:layer:stream_Layer:1"
            ],
            "memory_size": 128,
            "package_type": "Zip",
            "publish": false,
            "qualified_arn": "arn:aws:lambda:ap-northeast-2:344513066772:function:stream:$LATEST",
            "qualified_invoke_arn": "arn:aws:apigateway:ap-northeast-2:lambda:path/2015-03-31/functions/arn:aws:lambda:ap-northeast-2:344513066772:function:stream:$LATEST/invocations",
            "replace_security_groups_on_destroy": null,
            "replacement_security_group_ids": null,
            "reserved_concurrent_executions": -1,
            "role": "arn:aws:iam::344513066772:role/stream-ap-northeast-2",
            "runtime": "nodejs14.x",
            "s3_bucket": null,
            "s3_key": null,
            "s3_object_version": null,
            "signing_job_arn": "",
            "signing_profile_version_arn": "",
            "skip_destroy": false,
            "snap_start": [],
            "source_code_hash": "EiuaLaaLhNNVV/L/NGM8oVfXav2xMCYxAyHgP6hqjJg=",
            "source_code_size": 61266,
            "tags": null,
            "tags_all": {},
            "timeout": 60,
            "timeouts": null,
            "tracing_config": [
              {
                "mode": "PassThrough"
              }
            ],
            "version": "$LATEST",
            "vpc_config": []
          },
          "sensitive_attributes": [],
          "private": "eyJlMmJmYjczMC1lY2FhLTExZTYtOGY4OC0zNDM2M2JjN2M0YzAiOnsiY3JlYXRlIjo2MDAwMDAwMDAwMDAsImRlbGV0ZSI6NjAwMDAwMDAwMDAwLCJ1cGRhdGUiOjYwMDAwMDAwMDAwMH19",
          "dependencies": [
            "aws_lambda_layer_version.lambda_layer",
            "module.iam_role.aws_iam_role.iam_lambda"
          ]
        }
      ]
    },
    {
      "mode": "managed",
      "type": "aws_lambda_layer_version",
      "name": "lambda_layer",
      "provider": "provider[\"registry.terraform.io/hashicorp/aws\"]",
      "instances": [
        {
          "schema_version": 0,
          "attributes": {
            "arn": "arn:aws:lambda:ap-northeast-2:344513066772:layer:stream_Layer:1",
            "compatible_architectures": null,
            "compatible_runtimes": [
              "nodejs14.x"
            ],
            "created_date": "2023-04-16T08:15:20.632+0000",
            "description": "",
            "filename": "../../../layer.zip",
            "id": "arn:aws:lambda:ap-northeast-2:344513066772:layer:stream_Layer:1",
            "layer_arn": "arn:aws:lambda:ap-northeast-2:344513066772:layer:stream_Layer",
            "layer_name": "stream_Layer",
            "license_info": "",
            "s3_bucket": null,
            "s3_key": null,
            "s3_object_version": null,
            "signing_job_arn": "",
            "signing_profile_version_arn": "",
            "skip_destroy": false,
            "source_code_hash": "KBpnRx6bcZegQZBTW3McH5tevSYxJJWXus7/D2j7+mU=",
            "source_code_size": 30238262,
            "version": "1"
          },
          "sensitive_attributes": [],
          "private": "bnVsbA=="
        }
      ]
    },
    {
      "mode": "managed",
      "type": "aws_lambda_layer_version_permission",
      "name": "my_layer_permission",
      "provider": "provider[\"registry.terraform.io/hashicorp/aws\"]",
      "instances": [
        {
          "schema_version": 0,
          "attributes": {
            "action": "lambda:GetLayerVersion",
            "id": "stream_Layer,1",
            "layer_name": "stream_Layer",
            "organization_id": null,
            "policy": "{\"Version\":\"2012-10-17\",\"Id\":\"default\",\"Statement\":[{\"Sid\":\"AllowLambdaToUseMyLayer\",\"Effect\":\"Allow\",\"Principal\":\"*\",\"Action\":\"lambda:GetLayerVersion\",\"Resource\":\"arn:aws:lambda:ap-northeast-2:344513066772:layer:stream_Layer:1\"}]}",
            "principal": "*",
            "revision_id": "4606d3c2-a660-46ad-8b35-65ac28bcf484",
            "statement_id": "AllowLambdaToUseMyLayer",
            "version_number": 1
          },
          "sensitive_attributes": [],
          "private": "bnVsbA==",
          "dependencies": [
            "aws_lambda_layer_version.lambda_layer"
          ]
        }
      ]
    },
    {
      "module": "module.api_gateway",
      "mode": "managed",
      "type": "aws_api_gateway_integration",
      "name": "lambda_gateway_integration",
      "provider": "provider[\"registry.terraform.io/hashicorp/aws\"]",
      "instances": [
        {
          "schema_version": 0,
          "attributes": {
            "cache_key_parameters": null,
            "cache_namespace": "zn1b0u",
            "connection_id": "",
            "connection_type": "INTERNET",
            "content_handling": "",
            "credentials": "",
            "http_method": "POST",
            "id": "agi-72s4ajscc1-zn1b0u-POST",
            "integration_http_method": "POST",
            "passthrough_behavior": "WHEN_NO_MATCH",
            "request_parameters": null,
            "request_templates": null,
            "resource_id": "zn1b0u",
            "rest_api_id": "72s4ajscc1",
            "timeout_milliseconds": 29000,
            "tls_config": [],
            "type": "AWS_PROXY",
            "uri": "arn:aws:apigateway:ap-northeast-2:lambda:path/2015-03-31/functions/arn:aws:lambda:ap-northeast-2:344513066772:function:stream/invocations"
          },
          "sensitive_attributes": [],
          "private": "bnVsbA==",
          "dependencies": [
            "aws_lambda_function.lambda_tf",
            "aws_lambda_layer_version.lambda_layer",
            "module.api_gateway.aws_api_gateway_resource.lambda_resource",
            "module.api_gateway.aws_api_gateway_rest_api.lambda_rest_api",
            "module.iam_role.aws_iam_role.iam_lambda"
          ]
        }
      ]
    },
    {
      "module": "module.api_gateway",
      "mode": "managed",
      "type": "aws_api_gateway_method",
      "name": "lambda_method",
      "provider": "provider[\"registry.terraform.io/hashicorp/aws\"]",
      "instances": [
        {
          "schema_version": 0,
          "attributes": {
            "api_key_required": false,
            "authorization": "AWS_IAM",
            "authorization_scopes": null,
            "authorizer_id": null,
            "http_method": "POST",
            "id": "agm-72s4ajscc1-zn1b0u-POST",
            "operation_name": null,
            "request_models": null,
            "request_parameters": null,
            "request_validator_id": null,
            "resource_id": "zn1b0u",
            "rest_api_id": "72s4ajscc1"
          },
          "sensitive_attributes": [],
          "private": "bnVsbA==",
          "dependencies": [
            "module.api_gateway.aws_api_gateway_resource.lambda_resource",
            "module.api_gateway.aws_api_gateway_rest_api.lambda_rest_api"
          ]
        }
      ]
    },
    {
      "module": "module.api_gateway",
      "mode": "managed",
      "type": "aws_api_gateway_resource",
      "name": "lambda_resource",
      "provider": "provider[\"registry.terraform.io/hashicorp/aws\"]",
      "instances": [
        {
          "schema_version": 0,
          "attributes": {
            "id": "zn1b0u",
            "parent_id": "1bztc4l9xk",
            "path": "/auth",
            "path_part": "auth",
            "rest_api_id": "72s4ajscc1"
          },
          "sensitive_attributes": [],
          "private": "bnVsbA==",
          "dependencies": [
            "module.api_gateway.aws_api_gateway_rest_api.lambda_rest_api"
          ]
        }
      ]
    },
    {
      "module": "module.api_gateway",
      "mode": "managed",
      "type": "aws_api_gateway_rest_api",
      "name": "lambda_rest_api",
      "provider": "provider[\"registry.terraform.io/hashicorp/aws\"]",
      "instances": [
        {
          "schema_version": 0,
          "attributes": {
            "api_key_source": "HEADER",
            "arn": "arn:aws:apigateway:ap-northeast-2::/restapis/72s4ajscc1",
            "binary_media_types": [],
            "body": null,
            "created_date": "2023-04-16T08:15:10Z",
            "description": "",
            "disable_execute_api_endpoint": false,
            "endpoint_configuration": [
              {
                "types": [
                  "EDGE"
                ],
                "vpc_endpoint_ids": []
              }
            ],
            "execution_arn": "arn:aws:execute-api:ap-northeast-2:344513066772:72s4ajscc1",
            "fail_on_warnings": null,
            "id": "72s4ajscc1",
            "minimum_compression_size": -1,
            "name": "auth_rest_api",
            "parameters": null,
            "policy": "",
            "put_rest_api_mode": null,
            "root_resource_id": "1bztc4l9xk",
            "tags": null,
            "tags_all": {}
          },
          "sensitive_attributes": [],
          "private": "bnVsbA=="
        }
      ]
    },
    {
      "module": "module.iam_role",
      "mode": "managed",
      "type": "aws_iam_role",
      "name": "iam_lambda",
      "provider": "provider[\"registry.terraform.io/hashicorp/aws\"]",
      "instances": [
        {
          "schema_version": 0,
          "attributes": {
            "arn": "arn:aws:iam::344513066772:role/stream-ap-northeast-2",
            "assume_role_policy": "{\"Statement\":[{\"Action\":\"sts:AssumeRole\",\"Effect\":\"Allow\",\"Principal\":{\"Service\":\"lambda.amazonaws.com\"},\"Sid\":\"\"}],\"Version\":\"2012-10-17\"}",
            "create_date": "2023-04-16T08:15:10Z",
            "description": "",
            "force_detach_policies": false,
            "id": "stream-ap-northeast-2",
            "inline_policy": [],
            "managed_policy_arns": [],
            "max_session_duration": 3600,
            "name": "stream-ap-northeast-2",
            "name_prefix": "",
            "path": "/",
            "permissions_boundary": null,
            "tags": null,
            "tags_all": {},
            "unique_id": "AROAVANUUG4KJFDB7U4XL"
          },
          "sensitive_attributes": [],
          "private": "bnVsbA=="
        }
      ]
    },
    {
      "module": "module.iam_role",
      "mode": "managed",
      "type": "aws_iam_role_policy_attachment",
      "name": "cloudwatch_logs",
      "provider": "provider[\"registry.terraform.io/hashicorp/aws\"]",
      "instances": [
        {
          "schema_version": 0,
          "attributes": {
            "id": "stream-ap-northeast-2-20230416081511944200000001",
            "policy_arn": "arn:aws:iam::aws:policy/service-role/AWSLambdaBasicExecutionRole",
            "role": "stream-ap-northeast-2"
          },
          "sensitive_attributes": [],
          "private": "bnVsbA==",
          "dependencies": [
            "module.iam_role.aws_iam_role.iam_lambda"
          ]
        }
      ]
    }
  ],
  "check_results": null
}
